{
    "version": 3,
    "terraform_version": "0.11.13",
    "serial": 11,
    "lineage": "cc1d2534-d516-de74-167e-e6219342c34f",
    "modules": [
        {
            "path": [
                "root"
            ],
            "outputs": {},
            "resources": {
                "aws_instance.naver-dev-ec2": {
                    "type": "aws_instance",
                    "depends_on": [
                        "aws_security_group.naver-dev-sg"
                    ],
                    "primary": {
                        "id": "i-07901a89845c20999",
                        "attributes": {
                            "ami": "ami-0bad15497f0aed5e1",
                            "arn": "arn:aws:ec2:ap-northeast-2:929259052518:instance/i-07901a89845c20999",
                            "associate_public_ip_address": "false",
                            "availability_zone": "ap-northeast-2a",
                            "cpu_core_count": "1",
                            "cpu_threads_per_core": "2",
                            "credit_specification.#": "1",
                            "credit_specification.0.cpu_credits": "unlimited",
                            "disable_api_termination": "false",
                            "ebs_block_device.#": "1",
                            "ebs_block_device.1274194377.delete_on_termination": "true",
                            "ebs_block_device.1274194377.device_name": "/dev/sdb",
                            "ebs_block_device.1274194377.encrypted": "false",
                            "ebs_block_device.1274194377.iops": "300",
                            "ebs_block_device.1274194377.kms_key_id": "",
                            "ebs_block_device.1274194377.snapshot_id": "snap-025c8e187e99f6de9",
                            "ebs_block_device.1274194377.volume_id": "vol-025be7039babd7ccc",
                            "ebs_block_device.1274194377.volume_size": "100",
                            "ebs_block_device.1274194377.volume_type": "gp2",
                            "ebs_optimized": "false",
                            "ephemeral_block_device.#": "0",
                            "get_password_data": "false",
                            "hibernation": "false",
                            "iam_instance_profile": "",
                            "id": "i-07901a89845c20999",
                            "instance_state": "running",
                            "instance_type": "t3.large",
                            "ipv6_address_count": "0",
                            "ipv6_addresses.#": "0",
                            "key_name": "rf-b2c-dev",
                            "metadata_options.#": "1",
                            "metadata_options.0.http_endpoint": "enabled",
                            "metadata_options.0.http_put_response_hop_limit": "1",
                            "metadata_options.0.http_tokens": "optional",
                            "monitoring": "false",
                            "network_interface.#": "0",
                            "outpost_arn": "",
                            "password_data": "",
                            "placement_group": "",
                            "primary_network_interface_id": "eni-07327ca8bc7fc352c",
                            "private_dns": "ip-10-172-20-220.ap-northeast-2.compute.internal",
                            "private_ip": "10.172.20.220",
                            "public_dns": "",
                            "public_ip": "",
                            "root_block_device.#": "1",
                            "root_block_device.0.delete_on_termination": "true",
                            "root_block_device.0.device_name": "/dev/xvda",
                            "root_block_device.0.encrypted": "false",
                            "root_block_device.0.iops": "100",
                            "root_block_device.0.kms_key_id": "",
                            "root_block_device.0.volume_id": "vol-0506c79a2a249e9ee",
                            "root_block_device.0.volume_size": "20",
                            "root_block_device.0.volume_type": "gp2",
                            "security_groups.#": "0",
                            "source_dest_check": "true",
                            "subnet_id": "subnet-0106c8655a00c3c33",
                            "tags.%": "1",
                            "tags.Name": "naver-dev",
                            "tenancy": "default",
                            "volume_tags.%": "0",
                            "vpc_security_group_ids.#": "1",
                            "vpc_security_group_ids.2501307318": "sg-06070e8592af6d489"
                        },
                        "meta": {
                            "e2bfb730-ecaa-11e6-8f88-34363bc7c4c0": {
                                "create": 600000000000,
                                "delete": 1200000000000,
                                "update": 600000000000
                            },
                            "schema_version": "1"
                        },
                        "tainted": false
                    },
                    "deposed": [],
                    "provider": "provider.aws"
                },
                "aws_internet_gateway.naver-dev-igw": {
                    "type": "aws_internet_gateway",
                    "depends_on": [
                        "aws_vpc.naver-dev"
                    ],
                    "primary": {
                        "id": "igw-0bc1b8019f8b5703d",
                        "attributes": {
                            "arn": "arn:aws:ec2:ap-northeast-2:929259052518:internet-gateway/igw-0bc1b8019f8b5703d",
                            "id": "igw-0bc1b8019f8b5703d",
                            "owner_id": "929259052518",
                            "tags.%": "1",
                            "tags.Name": "naver-dev-igw",
                            "vpc_id": "vpc-0038ce9e89a30a79e"
                        },
                        "meta": {},
                        "tainted": false
                    },
                    "deposed": [],
                    "provider": "provider.aws"
                },
                "aws_nat_gateway.naver-dev-nat-a": {
                    "type": "aws_nat_gateway",
                    "depends_on": [
                        "aws_internet_gateway.naver-dev-igw",
                        "aws_subnet.naver-dev-public-a"
                    ],
                    "primary": {
                        "id": "nat-0147ba2f555d24b26",
                        "attributes": {
                            "allocation_id": "eipalloc-0dca60702c4d945bb",
                            "id": "nat-0147ba2f555d24b26",
                            "network_interface_id": "eni-08045559d5e0ccc12",
                            "private_ip": "10.172.0.58",
                            "public_ip": "15.164.17.26",
                            "subnet_id": "subnet-03a2e714b3794f129",
                            "tags.%": "1",
                            "tags.Name": "naver-dev-nat-a"
                        },
                        "meta": {},
                        "tainted": false
                    },
                    "deposed": [],
                    "provider": "provider.aws"
                },
                "aws_route_table.naver-dev-private-rt": {
                    "type": "aws_route_table",
                    "depends_on": [
                        "aws_nat_gateway.naver-dev-nat-a",
                        "aws_vpc.naver-dev"
                    ],
                    "primary": {
                        "id": "rtb-0a610b0d5b354aedc",
                        "attributes": {
                            "id": "rtb-0a610b0d5b354aedc",
                            "owner_id": "929259052518",
                            "propagating_vgws.#": "0",
                            "route.#": "1",
                            "route.1883295013.cidr_block": "0.0.0.0/0",
                            "route.1883295013.egress_only_gateway_id": "",
                            "route.1883295013.gateway_id": "",
                            "route.1883295013.instance_id": "",
                            "route.1883295013.ipv6_cidr_block": "",
                            "route.1883295013.nat_gateway_id": "nat-0147ba2f555d24b26",
                            "route.1883295013.network_interface_id": "",
                            "route.1883295013.transit_gateway_id": "",
                            "route.1883295013.vpc_peering_connection_id": "",
                            "tags.%": "1",
                            "tags.Name": "naver-dev-private-rt",
                            "vpc_id": "vpc-0038ce9e89a30a79e"
                        },
                        "meta": {},
                        "tainted": false
                    },
                    "deposed": [],
                    "provider": "provider.aws"
                },
                "aws_route_table.naver-dev-public-rt": {
                    "type": "aws_route_table",
                    "depends_on": [
                        "aws_internet_gateway.naver-dev-igw",
                        "aws_vpc.naver-dev"
                    ],
                    "primary": {
                        "id": "rtb-0ecf6d25e3064b928",
                        "attributes": {
                            "id": "rtb-0ecf6d25e3064b928",
                            "owner_id": "929259052518",
                            "propagating_vgws.#": "0",
                            "route.#": "1",
                            "route.4152618901.cidr_block": "0.0.0.0/0",
                            "route.4152618901.egress_only_gateway_id": "",
                            "route.4152618901.gateway_id": "igw-0bc1b8019f8b5703d",
                            "route.4152618901.instance_id": "",
                            "route.4152618901.ipv6_cidr_block": "",
                            "route.4152618901.nat_gateway_id": "",
                            "route.4152618901.network_interface_id": "",
                            "route.4152618901.transit_gateway_id": "",
                            "route.4152618901.vpc_peering_connection_id": "",
                            "tags.%": "1",
                            "tags.Name": "naver-dev-public-rt",
                            "vpc_id": "vpc-0038ce9e89a30a79e"
                        },
                        "meta": {},
                        "tainted": false
                    },
                    "deposed": [],
                    "provider": "provider.aws"
                },
                "aws_route_table_association.naver-dev-private-sb-asso-a": {
                    "type": "aws_route_table_association",
                    "depends_on": [
                        "aws_route_table.naver-dev-private-rt",
                        "aws_subnet.naver-dev-private-a"
                    ],
                    "primary": {
                        "id": "rtbassoc-05e714327d8dffa5f",
                        "attributes": {
                            "id": "rtbassoc-05e714327d8dffa5f",
                            "route_table_id": "rtb-0a610b0d5b354aedc",
                            "subnet_id": "subnet-0106c8655a00c3c33"
                        },
                        "meta": {},
                        "tainted": false
                    },
                    "deposed": [],
                    "provider": "provider.aws"
                },
                "aws_route_table_association.naver-dev-private-sb-asso-c": {
                    "type": "aws_route_table_association",
                    "depends_on": [
                        "aws_route_table.naver-dev-private-rt",
                        "aws_subnet.naver-dev-private-c"
                    ],
                    "primary": {
                        "id": "rtbassoc-0a0fe671090a8566c",
                        "attributes": {
                            "id": "rtbassoc-0a0fe671090a8566c",
                            "route_table_id": "rtb-0a610b0d5b354aedc",
                            "subnet_id": "subnet-040eccdb8db67921d"
                        },
                        "meta": {},
                        "tainted": false
                    },
                    "deposed": [],
                    "provider": "provider.aws"
                },
                "aws_route_table_association.naver-dev-public-a_asso": {
                    "type": "aws_route_table_association",
                    "depends_on": [
                        "aws_route_table.naver-dev-public-rt",
                        "aws_subnet.naver-dev-public-a"
                    ],
                    "primary": {
                        "id": "rtbassoc-060a1164cdad227b7",
                        "attributes": {
                            "id": "rtbassoc-060a1164cdad227b7",
                            "route_table_id": "rtb-0ecf6d25e3064b928",
                            "subnet_id": "subnet-03a2e714b3794f129"
                        },
                        "meta": {},
                        "tainted": false
                    },
                    "deposed": [],
                    "provider": "provider.aws"
                },
                "aws_route_table_association.naver-dev-public-c_asso": {
                    "type": "aws_route_table_association",
                    "depends_on": [
                        "aws_route_table.naver-dev-public-rt",
                        "aws_subnet.naver-dev-public-c"
                    ],
                    "primary": {
                        "id": "rtbassoc-01f1c294b5ab602cf",
                        "attributes": {
                            "id": "rtbassoc-01f1c294b5ab602cf",
                            "route_table_id": "rtb-0ecf6d25e3064b928",
                            "subnet_id": "subnet-076d1972dcc653c50"
                        },
                        "meta": {},
                        "tainted": false
                    },
                    "deposed": [],
                    "provider": "provider.aws"
                },
                "aws_security_group.naver-dev-sg": {
                    "type": "aws_security_group",
                    "depends_on": [
                        "aws_vpc.naver-dev"
                    ],
                    "primary": {
                        "id": "sg-06070e8592af6d489",
                        "attributes": {
                            "arn": "arn:aws:ec2:ap-northeast-2:929259052518:security-group/sg-06070e8592af6d489",
                            "description": "Managed by Terraform",
                            "egress.#": "1",
                            "egress.482069346.cidr_blocks.#": "1",
                            "egress.482069346.cidr_blocks.0": "0.0.0.0/0",
                            "egress.482069346.description": "",
                            "egress.482069346.from_port": "0",
                            "egress.482069346.ipv6_cidr_blocks.#": "0",
                            "egress.482069346.prefix_list_ids.#": "0",
                            "egress.482069346.protocol": "-1",
                            "egress.482069346.security_groups.#": "0",
                            "egress.482069346.self": "false",
                            "egress.482069346.to_port": "0",
                            "id": "sg-06070e8592af6d489",
                            "ingress.#": "3",
                            "ingress.1403647648.cidr_blocks.#": "1",
                            "ingress.1403647648.cidr_blocks.0": "0.0.0.0/0",
                            "ingress.1403647648.description": "",
                            "ingress.1403647648.from_port": "0",
                            "ingress.1403647648.ipv6_cidr_blocks.#": "0",
                            "ingress.1403647648.prefix_list_ids.#": "0",
                            "ingress.1403647648.protocol": "tcp",
                            "ingress.1403647648.security_groups.#": "0",
                            "ingress.1403647648.self": "false",
                            "ingress.1403647648.to_port": "65535",
                            "ingress.2514292642.cidr_blocks.#": "2",
                            "ingress.2514292642.cidr_blocks.0": "10.1.8.0/24",
                            "ingress.2514292642.cidr_blocks.1": "10.1.4.0/24",
                            "ingress.2514292642.description": "",
                            "ingress.2514292642.from_port": "823",
                            "ingress.2514292642.ipv6_cidr_blocks.#": "0",
                            "ingress.2514292642.prefix_list_ids.#": "0",
                            "ingress.2514292642.protocol": "tcp",
                            "ingress.2514292642.security_groups.#": "0",
                            "ingress.2514292642.self": "false",
                            "ingress.2514292642.to_port": "823",
                            "ingress.3042612038.cidr_blocks.#": "3",
                            "ingress.3042612038.cidr_blocks.0": "10.1.5.0/24",
                            "ingress.3042612038.cidr_blocks.1": "10.172.0.0/24",
                            "ingress.3042612038.cidr_blocks.2": "10.1.4.0/24",
                            "ingress.3042612038.description": "",
                            "ingress.3042612038.from_port": "5432",
                            "ingress.3042612038.ipv6_cidr_blocks.#": "0",
                            "ingress.3042612038.prefix_list_ids.#": "0",
                            "ingress.3042612038.protocol": "tcp",
                            "ingress.3042612038.security_groups.#": "0",
                            "ingress.3042612038.self": "false",
                            "ingress.3042612038.to_port": "5432",
                            "name": "naver-dev-sg",
                            "owner_id": "929259052518",
                            "revoke_rules_on_delete": "false",
                            "tags.%": "1",
                            "tags.Name": "naver-dev-sg",
                            "vpc_id": "vpc-0038ce9e89a30a79e"
                        },
                        "meta": {
                            "e2bfb730-ecaa-11e6-8f88-34363bc7c4c0": {
                                "create": 600000000000,
                                "delete": 600000000000
                            },
                            "schema_version": "1"
                        },
                        "tainted": false
                    },
                    "deposed": [],
                    "provider": "provider.aws"
                },
                "aws_security_group_rule.naver-dev-5432-172": {
                    "type": "aws_security_group_rule",
                    "depends_on": [
                        "aws_security_group.naver-dev-sg"
                    ],
                    "primary": {
                        "id": "sgrule-4242772580",
                        "attributes": {
                            "cidr_blocks.#": "1",
                            "cidr_blocks.0": "10.172.0.0/24",
                            "description": "",
                            "from_port": "5432",
                            "id": "sgrule-4242772580",
                            "ipv6_cidr_blocks.#": "0",
                            "prefix_list_ids.#": "0",
                            "protocol": "tcp",
                            "security_group_id": "sg-06070e8592af6d489",
                            "self": "false",
                            "to_port": "5432",
                            "type": "ingress"
                        },
                        "meta": {
                            "schema_version": "2"
                        },
                        "tainted": false
                    },
                    "deposed": [],
                    "provider": "provider.aws"
                },
                "aws_security_group_rule.naver-dev-5432-4": {
                    "type": "aws_security_group_rule",
                    "depends_on": [
                        "aws_security_group.naver-dev-sg"
                    ],
                    "primary": {
                        "id": "sgrule-3842401787",
                        "attributes": {
                            "cidr_blocks.#": "1",
                            "cidr_blocks.0": "10.1.4.0/24",
                            "description": "",
                            "from_port": "5432",
                            "id": "sgrule-3842401787",
                            "ipv6_cidr_blocks.#": "0",
                            "prefix_list_ids.#": "0",
                            "protocol": "tcp",
                            "security_group_id": "sg-06070e8592af6d489",
                            "self": "false",
                            "to_port": "5432",
                            "type": "ingress"
                        },
                        "meta": {
                            "schema_version": "2"
                        },
                        "tainted": false
                    },
                    "deposed": [],
                    "provider": "provider.aws"
                },
                "aws_security_group_rule.naver-dev-5432-5": {
                    "type": "aws_security_group_rule",
                    "depends_on": [
                        "aws_security_group.naver-dev-sg"
                    ],
                    "primary": {
                        "id": "sgrule-1131507279",
                        "attributes": {
                            "cidr_blocks.#": "1",
                            "cidr_blocks.0": "10.1.5.0/24",
                            "description": "",
                            "from_port": "5432",
                            "id": "sgrule-1131507279",
                            "ipv6_cidr_blocks.#": "0",
                            "prefix_list_ids.#": "0",
                            "protocol": "tcp",
                            "security_group_id": "sg-06070e8592af6d489",
                            "self": "false",
                            "to_port": "5432",
                            "type": "ingress"
                        },
                        "meta": {
                            "schema_version": "2"
                        },
                        "tainted": false
                    },
                    "deposed": [],
                    "provider": "provider.aws"
                },
                "aws_security_group_rule.naver-dev-all": {
                    "type": "aws_security_group_rule",
                    "depends_on": [
                        "aws_security_group.naver-dev-sg"
                    ],
                    "primary": {
                        "id": "sgrule-249573633",
                        "attributes": {
                            "cidr_blocks.#": "1",
                            "cidr_blocks.0": "0.0.0.0/0",
                            "description": "",
                            "from_port": "0",
                            "id": "sgrule-249573633",
                            "ipv6_cidr_blocks.#": "0",
                            "prefix_list_ids.#": "0",
                            "protocol": "tcp",
                            "security_group_id": "sg-06070e8592af6d489",
                            "self": "false",
                            "to_port": "65535",
                            "type": "ingress"
                        },
                        "meta": {
                            "schema_version": "2"
                        },
                        "tainted": false
                    },
                    "deposed": [],
                    "provider": "provider.aws"
                },
                "aws_security_group_rule.naver-dev-outbound": {
                    "type": "aws_security_group_rule",
                    "depends_on": [
                        "aws_security_group.naver-dev-sg"
                    ],
                    "primary": {
                        "id": "sgrule-4259506004",
                        "attributes": {
                            "cidr_blocks.#": "1",
                            "cidr_blocks.0": "0.0.0.0/0",
                            "description": "",
                            "from_port": "0",
                            "id": "sgrule-4259506004",
                            "ipv6_cidr_blocks.#": "0",
                            "prefix_list_ids.#": "0",
                            "protocol": "-1",
                            "security_group_id": "sg-06070e8592af6d489",
                            "self": "false",
                            "to_port": "0",
                            "type": "egress"
                        },
                        "meta": {
                            "schema_version": "2"
                        },
                        "tainted": false
                    },
                    "deposed": [],
                    "provider": "provider.aws"
                },
                "aws_security_group_rule.naver-dev-ssh-4": {
                    "type": "aws_security_group_rule",
                    "depends_on": [
                        "aws_security_group.naver-dev-sg"
                    ],
                    "primary": {
                        "id": "sgrule-2246173017",
                        "attributes": {
                            "cidr_blocks.#": "1",
                            "cidr_blocks.0": "10.1.4.0/24",
                            "description": "",
                            "from_port": "823",
                            "id": "sgrule-2246173017",
                            "ipv6_cidr_blocks.#": "0",
                            "prefix_list_ids.#": "0",
                            "protocol": "tcp",
                            "security_group_id": "sg-06070e8592af6d489",
                            "self": "false",
                            "to_port": "823",
                            "type": "ingress"
                        },
                        "meta": {
                            "schema_version": "2"
                        },
                        "tainted": false
                    },
                    "deposed": [],
                    "provider": "provider.aws"
                },
                "aws_security_group_rule.naver-dev-ssh-8": {
                    "type": "aws_security_group_rule",
                    "depends_on": [
                        "aws_security_group.naver-dev-sg"
                    ],
                    "primary": {
                        "id": "sgrule-1111591725",
                        "attributes": {
                            "cidr_blocks.#": "1",
                            "cidr_blocks.0": "10.1.8.0/24",
                            "description": "",
                            "from_port": "823",
                            "id": "sgrule-1111591725",
                            "ipv6_cidr_blocks.#": "0",
                            "prefix_list_ids.#": "0",
                            "protocol": "tcp",
                            "security_group_id": "sg-06070e8592af6d489",
                            "self": "false",
                            "to_port": "823",
                            "type": "ingress"
                        },
                        "meta": {
                            "schema_version": "2"
                        },
                        "tainted": false
                    },
                    "deposed": [],
                    "provider": "provider.aws"
                },
                "aws_subnet.naver-dev-private-a": {
                    "type": "aws_subnet",
                    "depends_on": [
                        "aws_vpc.naver-dev"
                    ],
                    "primary": {
                        "id": "subnet-0106c8655a00c3c33",
                        "attributes": {
                            "arn": "arn:aws:ec2:ap-northeast-2:929259052518:subnet/subnet-0106c8655a00c3c33",
                            "assign_ipv6_address_on_creation": "false",
                            "availability_zone": "ap-northeast-2a",
                            "availability_zone_id": "apne2-az1",
                            "cidr_block": "10.172.20.0/24",
                            "id": "subnet-0106c8655a00c3c33",
                            "ipv6_cidr_block": "",
                            "ipv6_cidr_block_association_id": "",
                            "map_public_ip_on_launch": "false",
                            "outpost_arn": "",
                            "owner_id": "929259052518",
                            "tags.%": "1",
                            "tags.Name": "naver-dev-private-a",
                            "vpc_id": "vpc-0038ce9e89a30a79e"
                        },
                        "meta": {
                            "e2bfb730-ecaa-11e6-8f88-34363bc7c4c0": {
                                "create": 600000000000,
                                "delete": 1200000000000
                            },
                            "schema_version": "1"
                        },
                        "tainted": false
                    },
                    "deposed": [],
                    "provider": "provider.aws"
                },
                "aws_subnet.naver-dev-private-c": {
                    "type": "aws_subnet",
                    "depends_on": [
                        "aws_vpc.naver-dev"
                    ],
                    "primary": {
                        "id": "subnet-040eccdb8db67921d",
                        "attributes": {
                            "arn": "arn:aws:ec2:ap-northeast-2:929259052518:subnet/subnet-040eccdb8db67921d",
                            "assign_ipv6_address_on_creation": "false",
                            "availability_zone": "ap-northeast-2c",
                            "availability_zone_id": "apne2-az3",
                            "cidr_block": "10.172.21.0/24",
                            "id": "subnet-040eccdb8db67921d",
                            "ipv6_cidr_block": "",
                            "ipv6_cidr_block_association_id": "",
                            "map_public_ip_on_launch": "false",
                            "outpost_arn": "",
                            "owner_id": "929259052518",
                            "tags.%": "1",
                            "tags.Name": "naver-dev-private-c",
                            "vpc_id": "vpc-0038ce9e89a30a79e"
                        },
                        "meta": {
                            "e2bfb730-ecaa-11e6-8f88-34363bc7c4c0": {
                                "create": 600000000000,
                                "delete": 1200000000000
                            },
                            "schema_version": "1"
                        },
                        "tainted": false
                    },
                    "deposed": [],
                    "provider": "provider.aws"
                },
                "aws_subnet.naver-dev-private-db-a": {
                    "type": "aws_subnet",
                    "depends_on": [
                        "aws_vpc.naver-dev"
                    ],
                    "primary": {
                        "id": "subnet-0d3b1ef517a86bcc7",
                        "attributes": {
                            "arn": "arn:aws:ec2:ap-northeast-2:929259052518:subnet/subnet-0d3b1ef517a86bcc7",
                            "assign_ipv6_address_on_creation": "false",
                            "availability_zone": "ap-northeast-2a",
                            "availability_zone_id": "apne2-az1",
                            "cidr_block": "10.172.10.0/24",
                            "id": "subnet-0d3b1ef517a86bcc7",
                            "ipv6_cidr_block": "",
                            "ipv6_cidr_block_association_id": "",
                            "map_public_ip_on_launch": "false",
                            "outpost_arn": "",
                            "owner_id": "929259052518",
                            "tags.%": "1",
                            "tags.Name": "naver-dev-private-db-a",
                            "vpc_id": "vpc-0038ce9e89a30a79e"
                        },
                        "meta": {
                            "e2bfb730-ecaa-11e6-8f88-34363bc7c4c0": {
                                "create": 600000000000,
                                "delete": 1200000000000
                            },
                            "schema_version": "1"
                        },
                        "tainted": false
                    },
                    "deposed": [],
                    "provider": "provider.aws"
                },
                "aws_subnet.naver-dev-private-db-c": {
                    "type": "aws_subnet",
                    "depends_on": [
                        "aws_vpc.naver-dev"
                    ],
                    "primary": {
                        "id": "subnet-0d5c338be9b09c0f1",
                        "attributes": {
                            "arn": "arn:aws:ec2:ap-northeast-2:929259052518:subnet/subnet-0d5c338be9b09c0f1",
                            "assign_ipv6_address_on_creation": "false",
                            "availability_zone": "ap-northeast-2c",
                            "availability_zone_id": "apne2-az3",
                            "cidr_block": "10.172.11.0/24",
                            "id": "subnet-0d5c338be9b09c0f1",
                            "ipv6_cidr_block": "",
                            "ipv6_cidr_block_association_id": "",
                            "map_public_ip_on_launch": "false",
                            "outpost_arn": "",
                            "owner_id": "929259052518",
                            "tags.%": "1",
                            "tags.Name": "naver-dev-private-db-c",
                            "vpc_id": "vpc-0038ce9e89a30a79e"
                        },
                        "meta": {
                            "e2bfb730-ecaa-11e6-8f88-34363bc7c4c0": {
                                "create": 600000000000,
                                "delete": 1200000000000
                            },
                            "schema_version": "1"
                        },
                        "tainted": false
                    },
                    "deposed": [],
                    "provider": "provider.aws"
                },
                "aws_subnet.naver-dev-public-a": {
                    "type": "aws_subnet",
                    "depends_on": [
                        "aws_vpc.naver-dev"
                    ],
                    "primary": {
                        "id": "subnet-03a2e714b3794f129",
                        "attributes": {
                            "arn": "arn:aws:ec2:ap-northeast-2:929259052518:subnet/subnet-03a2e714b3794f129",
                            "assign_ipv6_address_on_creation": "false",
                            "availability_zone": "ap-northeast-2a",
                            "availability_zone_id": "apne2-az1",
                            "cidr_block": "10.172.0.0/24",
                            "id": "subnet-03a2e714b3794f129",
                            "ipv6_cidr_block": "",
                            "ipv6_cidr_block_association_id": "",
                            "map_public_ip_on_launch": "false",
                            "outpost_arn": "",
                            "owner_id": "929259052518",
                            "tags.%": "1",
                            "tags.Name": "naver-dev-public-a",
                            "vpc_id": "vpc-0038ce9e89a30a79e"
                        },
                        "meta": {
                            "e2bfb730-ecaa-11e6-8f88-34363bc7c4c0": {
                                "create": 600000000000,
                                "delete": 1200000000000
                            },
                            "schema_version": "1"
                        },
                        "tainted": false
                    },
                    "deposed": [],
                    "provider": "provider.aws"
                },
                "aws_subnet.naver-dev-public-c": {
                    "type": "aws_subnet",
                    "depends_on": [
                        "aws_vpc.naver-dev"
                    ],
                    "primary": {
                        "id": "subnet-076d1972dcc653c50",
                        "attributes": {
                            "arn": "arn:aws:ec2:ap-northeast-2:929259052518:subnet/subnet-076d1972dcc653c50",
                            "assign_ipv6_address_on_creation": "false",
                            "availability_zone": "ap-northeast-2c",
                            "availability_zone_id": "apne2-az3",
                            "cidr_block": "10.172.1.0/24",
                            "id": "subnet-076d1972dcc653c50",
                            "ipv6_cidr_block": "",
                            "ipv6_cidr_block_association_id": "",
                            "map_public_ip_on_launch": "false",
                            "outpost_arn": "",
                            "owner_id": "929259052518",
                            "tags.%": "1",
                            "tags.Name": "naver-dev-public-c-1",
                            "vpc_id": "vpc-0038ce9e89a30a79e"
                        },
                        "meta": {
                            "e2bfb730-ecaa-11e6-8f88-34363bc7c4c0": {
                                "create": 600000000000,
                                "delete": 1200000000000
                            },
                            "schema_version": "1"
                        },
                        "tainted": false
                    },
                    "deposed": [],
                    "provider": "provider.aws"
                },
                "aws_vpc.naver-dev": {
                    "type": "aws_vpc",
                    "depends_on": [],
                    "primary": {
                        "id": "vpc-0038ce9e89a30a79e",
                        "attributes": {
                            "arn": "arn:aws:ec2:ap-northeast-2:929259052518:vpc/vpc-0038ce9e89a30a79e",
                            "assign_generated_ipv6_cidr_block": "false",
                            "cidr_block": "10.172.0.0/16",
                            "default_network_acl_id": "acl-0627aadc2cf6b0766",
                            "default_route_table_id": "rtb-021576c100db6d0c3",
                            "default_security_group_id": "sg-0006c82c6da2efeb8",
                            "dhcp_options_id": "dopt-c35487a8",
                            "enable_dns_hostnames": "false",
                            "enable_dns_support": "true",
                            "id": "vpc-0038ce9e89a30a79e",
                            "instance_tenancy": "default",
                            "ipv6_association_id": "",
                            "ipv6_cidr_block": "",
                            "main_route_table_id": "rtb-021576c100db6d0c3",
                            "owner_id": "929259052518",
                            "tags.%": "1",
                            "tags.Name": "naver-dev"
                        },
                        "meta": {
                            "schema_version": "1"
                        },
                        "tainted": false
                    },
                    "deposed": [],
                    "provider": "provider.aws"
                }
            },
            "depends_on": []
        }
    ]
}
